<?xml version="1.0" encoding="utf-8"?>
<Project ToolsVersion="4.0" xmlns="http://schemas.microsoft.com/developer/msbuild/2003">
  <ItemGroup>
    <ClInclude Include="include\MoveFactory.h" />
    <ClInclude Include="include\EyeInterface.h">
      <Filter>Eye</Filter>
    </ClInclude>
    <ClInclude Include="include\EyeImage.h">
      <Filter>Eye</Filter>
    </ClInclude>
    <ClInclude Include="include\MoveEmulator.h">
      <Filter>Emulator</Filter>
    </ClInclude>
    <ClInclude Include="include\MoveOrientation.h">
      <Filter>Real Device</Filter>
    </ClInclude>
    <ClInclude Include="include\moveonpc.h">
      <Filter>Real Device\moveonpc</Filter>
    </ClInclude>
    <ClInclude Include="include\simplex.h">
      <Filter>Real Device\moveonpc</Filter>
    </ClInclude>
    <ClInclude Include="include\MoveCalibration.h">
      <Filter>Real Device\Calibration</Filter>
    </ClInclude>
    <ClInclude Include="include\IniFile.h">
      <Filter>ConfigFile</Filter>
    </ClInclude>
    <ClInclude Include="include\MovePrecompiled.h" />
    <ClInclude Include="include\MoveRawCalibration.h">
      <Filter>Real Device\Calibration</Filter>
    </ClInclude>
    <ClInclude Include="include\IMoveObserver.h" />
    <ClInclude Include="include\IMoveCalibrationObserver.h" />
    <ClInclude Include="include\ConfigMath.h" />
    <ClInclude Include="include\IMoveManager.h" />
    <ClInclude Include="include\MoveManager.h">
      <Filter>Real Device</Filter>
    </ClInclude>
    <ClInclude Include="include\MoveController.h">
      <Filter>Real Device</Filter>
    </ClInclude>
    <ClInclude Include="include\MoveData.h" />
  </ItemGroup>
  <ItemGroup>
    <ClCompile Include="src\MoveFactory.cpp" />
    <ClCompile Include="src\EyeImage.cpp">
      <Filter>Eye</Filter>
    </ClCompile>
    <ClCompile Include="src\EyeInterface.cpp">
      <Filter>Eye</Filter>
    </ClCompile>
    <ClCompile Include="src\MoveEmulator.cpp">
      <Filter>Emulator</Filter>
    </ClCompile>
    <ClCompile Include="src\MoveOrientation.cpp">
      <Filter>Real Device</Filter>
    </ClCompile>
    <ClCompile Include="src\move.cpp">
      <Filter>Real Device\moveonpc</Filter>
    </ClCompile>
    <ClCompile Include="src\winhid.cpp">
      <Filter>Real Device\moveonpc</Filter>
    </ClCompile>
    <ClCompile Include="src\MoveCalibration.cpp">
      <Filter>Real Device\Calibration</Filter>
    </ClCompile>
    <ClCompile Include="src\MoveRawCalibration.cpp">
      <Filter>Real Device\Calibration</Filter>
    </ClCompile>
    <ClCompile Include="src\IniFile.cpp">
      <Filter>ConfigFile</Filter>
    </ClCompile>
    <ClCompile Include="src\MovePrecompiled.cpp" />
    <ClCompile Include="src\MoveManager.cpp">
      <Filter>Real Device</Filter>
    </ClCompile>
    <ClCompile Include="src\MoveController.cpp">
      <Filter>Real Device</Filter>
    </ClCompile>
  </ItemGroup>
  <ItemGroup>
    <Filter Include="Real Device">
      <UniqueIdentifier>{aa3c2f25-0016-48b5-b2e3-b1ed52012af7}</UniqueIdentifier>
    </Filter>
    <Filter Include="Emulator">
      <UniqueIdentifier>{ae2fba53-80ed-4b34-b43b-c8ac43a57afb}</UniqueIdentifier>
    </Filter>
    <Filter Include="Eye">
      <UniqueIdentifier>{f64a3d10-5d7d-4f36-bcc1-d22008ee1a25}</UniqueIdentifier>
    </Filter>
    <Filter Include="Real Device\moveonpc">
      <UniqueIdentifier>{ac066d77-a909-41e6-af3c-6500ff80702e}</UniqueIdentifier>
    </Filter>
    <Filter Include="Real Device\Calibration">
      <UniqueIdentifier>{440d582b-2fbe-4d56-8c78-db2dff34e4c9}</UniqueIdentifier>
    </Filter>
    <Filter Include="ConfigFile">
      <UniqueIdentifier>{645caa5a-f23f-4053-86b7-bf874ec00c0b}</UniqueIdentifier>
    </Filter>
  </ItemGroup>
</Project>